// !$*UTF8*$!
{
	archiveVersion = 1;
	classes = {
	};
	objectVersion = 55;
	objects = {

/* Begin PBXBuildFile section */
		07007BCA279F7E3000767879 /* FavouritesView.swift in Sources */ = {isa = PBXBuildFile; fileRef = 07007BC9279F7E3000767879 /* FavouritesView.swift */; };
		07007BCC279FB50000767879 /* LoadingView.swift in Sources */ = {isa = PBXBuildFile; fileRef = 07007BCB279FB50000767879 /* LoadingView.swift */; };
		073AAA3D279A4F95007CDF5B /* CatFactListView.swift in Sources */ = {isa = PBXBuildFile; fileRef = 073AAA3C279A4F95007CDF5B /* CatFactListView.swift */; };
		074758A027B3AD1B0007F7A6 /* Resources.swift in Sources */ = {isa = PBXBuildFile; fileRef = 0747589F27B3AD1B0007F7A6 /* Resources.swift */; };
		075E37FE2794F51D00D58969 /* CatFactApp.swift in Sources */ = {isa = PBXBuildFile; fileRef = 075E37FD2794F51D00D58969 /* CatFactApp.swift */; };
		075E38002794F51D00D58969 /* SlideShowView.swift in Sources */ = {isa = PBXBuildFile; fileRef = 075E37FF2794F51D00D58969 /* SlideShowView.swift */; };
		075E38022794F51F00D58969 /* Assets.xcassets in Resources */ = {isa = PBXBuildFile; fileRef = 075E38012794F51F00D58969 /* Assets.xcassets */; };
		075E38052794F51F00D58969 /* Preview Assets.xcassets in Resources */ = {isa = PBXBuildFile; fileRef = 075E38042794F51F00D58969 /* Preview Assets.xcassets */; };
		075E380D2794F62900D58969 /* CatFactAPIClient.swift in Sources */ = {isa = PBXBuildFile; fileRef = 075E380C2794F62900D58969 /* CatFactAPIClient.swift */; };
		075E38102794F6D700D58969 /* CatFact.swift in Sources */ = {isa = PBXBuildFile; fileRef = 075E380F2794F6D700D58969 /* CatFact.swift */; };
		075E381627950A7F00D58969 /* CatFactViewModel.swift in Sources */ = {isa = PBXBuildFile; fileRef = 075E381527950A7F00D58969 /* CatFactViewModel.swift */; };
		075E381927950CBD00D58969 /* LoadState.swift in Sources */ = {isa = PBXBuildFile; fileRef = 075E381827950CBD00D58969 /* LoadState.swift */; };
		0767063C2797C89400C1AC24 /* ChangingView.swift in Sources */ = {isa = PBXBuildFile; fileRef = 0767063B2797C89400C1AC24 /* ChangingView.swift */; };
		07A5E19927AB8388007FA1AA /* NotificationManager.swift in Sources */ = {isa = PBXBuildFile; fileRef = 07A5E19827AB8388007FA1AA /* NotificationManager.swift */; };
		07CCD0892799181500BDB6E9 /* UtilityExtensions.swift in Sources */ = {isa = PBXBuildFile; fileRef = 07CCD0882799181500BDB6E9 /* UtilityExtensions.swift */; };
		07CCD08B2799281100BDB6E9 /* HomeView.swift in Sources */ = {isa = PBXBuildFile; fileRef = 07CCD08A2799281100BDB6E9 /* HomeView.swift */; };
/* End PBXBuildFile section */

/* Begin PBXFileReference section */
		07007BC9279F7E3000767879 /* FavouritesView.swift */ = {isa = PBXFileReference; lastKnownFileType = sourcecode.swift; path = FavouritesView.swift; sourceTree = "<group>"; };
		07007BCB279FB50000767879 /* LoadingView.swift */ = {isa = PBXFileReference; lastKnownFileType = sourcecode.swift; path = LoadingView.swift; sourceTree = "<group>"; };
		073AAA3C279A4F95007CDF5B /* CatFactListView.swift */ = {isa = PBXFileReference; lastKnownFileType = sourcecode.swift; path = CatFactListView.swift; sourceTree = "<group>"; };
		0747589F27B3AD1B0007F7A6 /* Resources.swift */ = {isa = PBXFileReference; lastKnownFileType = sourcecode.swift; path = Resources.swift; sourceTree = "<group>"; };
		075E37FA2794F51D00D58969 /* CatFact.app */ = {isa = PBXFileReference; explicitFileType = wrapper.application; includeInIndex = 0; path = CatFact.app; sourceTree = BUILT_PRODUCTS_DIR; };
		075E37FD2794F51D00D58969 /* CatFactApp.swift */ = {isa = PBXFileReference; lastKnownFileType = sourcecode.swift; path = CatFactApp.swift; sourceTree = "<group>"; };
		075E37FF2794F51D00D58969 /* SlideShowView.swift */ = {isa = PBXFileReference; lastKnownFileType = sourcecode.swift; path = SlideShowView.swift; sourceTree = "<group>"; };
		075E38012794F51F00D58969 /* Assets.xcassets */ = {isa = PBXFileReference; lastKnownFileType = folder.assetcatalog; path = Assets.xcassets; sourceTree = "<group>"; };
		075E38042794F51F00D58969 /* Preview Assets.xcassets */ = {isa = PBXFileReference; lastKnownFileType = folder.assetcatalog; path = "Preview Assets.xcassets"; sourceTree = "<group>"; };
		075E380C2794F62900D58969 /* CatFactAPIClient.swift */ = {isa = PBXFileReference; lastKnownFileType = sourcecode.swift; path = CatFactAPIClient.swift; sourceTree = "<group>"; };
		075E380F2794F6D700D58969 /* CatFact.swift */ = {isa = PBXFileReference; lastKnownFileType = sourcecode.swift; path = CatFact.swift; sourceTree = "<group>"; };
		075E381527950A7F00D58969 /* CatFactViewModel.swift */ = {isa = PBXFileReference; lastKnownFileType = sourcecode.swift; path = CatFactViewModel.swift; sourceTree = "<group>"; };
		075E381827950CBD00D58969 /* LoadState.swift */ = {isa = PBXFileReference; lastKnownFileType = sourcecode.swift; path = LoadState.swift; sourceTree = "<group>"; };
		0767063B2797C89400C1AC24 /* ChangingView.swift */ = {isa = PBXFileReference; lastKnownFileType = sourcecode.swift; path = ChangingView.swift; sourceTree = "<group>"; };
		07A5E19827AB8388007FA1AA /* NotificationManager.swift */ = {isa = PBXFileReference; lastKnownFileType = sourcecode.swift; path = NotificationManager.swift; sourceTree = "<group>"; };
		07CCD0882799181500BDB6E9 /* UtilityExtensions.swift */ = {isa = PBXFileReference; lastKnownFileType = sourcecode.swift; path = UtilityExtensions.swift; sourceTree = "<group>"; };
		07CCD08A2799281100BDB6E9 /* HomeView.swift */ = {isa = PBXFileReference; lastKnownFileType = sourcecode.swift; path = HomeView.swift; sourceTree = "<group>"; };
/* End PBXFileReference section */

/* Begin PBXFrameworksBuildPhase section */
		075E37F72794F51D00D58969 /* Frameworks */ = {
			isa = PBXFrameworksBuildPhase;
			buildActionMask = 2147483647;
			files = (
			);
			runOnlyForDeploymentPostprocessing = 0;
		};
/* End PBXFrameworksBuildPhase section */

/* Begin PBXGroup section */
		075E37F12794F51D00D58969 = {
			isa = PBXGroup;
			children = (
				075E37FC2794F51D00D58969 /* CatFact */,
				075E37FB2794F51D00D58969 /* Products */,
			);
			sourceTree = "<group>";
		};
		075E37FB2794F51D00D58969 /* Products */ = {
			isa = PBXGroup;
			children = (
				075E37FA2794F51D00D58969 /* CatFact.app */,
			);
			name = Products;
			sourceTree = "<group>";
		};
		075E37FC2794F51D00D58969 /* CatFact */ = {
			isa = PBXGroup;
			children = (
				07B6A5C127B6057F000E892B /* Views */,
				075E381727950C9600D58969 /* Utilities */,
				075E381427950A5A00D58969 /* ViewModels */,
				075E380E2794F6C100D58969 /* Models */,
				075E380B2794F5EF00D58969 /* APIClients */,
				075E38012794F51F00D58969 /* Assets.xcassets */,
				075E38032794F51F00D58969 /* Preview Content */,
			);
			path = CatFact;
			sourceTree = "<group>";
		};
		075E38032794F51F00D58969 /* Preview Content */ = {
			isa = PBXGroup;
			children = (
				075E38042794F51F00D58969 /* Preview Assets.xcassets */,
			);
			path = "Preview Content";
			sourceTree = "<group>";
		};
		075E380B2794F5EF00D58969 /* APIClients */ = {
			isa = PBXGroup;
			children = (
				075E380C2794F62900D58969 /* CatFactAPIClient.swift */,
			);
			path = APIClients;
			sourceTree = "<group>";
		};
		075E380E2794F6C100D58969 /* Models */ = {
			isa = PBXGroup;
			children = (
				075E380F2794F6D700D58969 /* CatFact.swift */,
			);
			path = Models;
			sourceTree = "<group>";
		};
		075E381427950A5A00D58969 /* ViewModels */ = {
			isa = PBXGroup;
			children = (
				075E381527950A7F00D58969 /* CatFactViewModel.swift */,
				07A5E19827AB8388007FA1AA /* NotificationManager.swift */,
			);
			path = ViewModels;
			sourceTree = "<group>";
		};
		075E381727950C9600D58969 /* Utilities */ = {
			isa = PBXGroup;
			children = (
				075E381827950CBD00D58969 /* LoadState.swift */,
				07CCD0882799181500BDB6E9 /* UtilityExtensions.swift */,
				0747589F27B3AD1B0007F7A6 /* Resources.swift */,
			);
			path = Utilities;
			sourceTree = "<group>";
		};
		07B6A5C127B6057F000E892B /* Views */ = {
			isa = PBXGroup;
			children = (
				075E37FF2794F51D00D58969 /* SlideShowView.swift */,
				0767063B2797C89400C1AC24 /* ChangingView.swift */,
				07CCD08A2799281100BDB6E9 /* HomeView.swift */,
				073AAA3C279A4F95007CDF5B /* CatFactListView.swift */,
				07007BC9279F7E3000767879 /* FavouritesView.swift */,
				07007BCB279FB50000767879 /* LoadingView.swift */,
				075E37FD2794F51D00D58969 /* CatFactApp.swift */,
			);
			path = Views;
			sourceTree = "<group>";
		};
/* End PBXGroup section */

/* Begin PBXNativeTarget section */
		075E37F92794F51D00D58969 /* CatFact */ = {
			isa = PBXNativeTarget;
			buildConfigurationList = 075E38082794F51F00D58969 /* Build configuration list for PBXNativeTarget "CatFact" */;
			buildPhases = (
				075E37F62794F51D00D58969 /* Sources */,
				075E37F72794F51D00D58969 /* Frameworks */,
				075E37F82794F51D00D58969 /* Resources */,
			);
			buildRules = (
			);
			dependencies = (
			);
			name = CatFact;
			productName = CatFact;
			productReference = 075E37FA2794F51D00D58969 /* CatFact.app */;
			productType = "com.apple.product-type.application";
		};
/* End PBXNativeTarget section */

/* Begin PBXProject section */
		075E37F22794F51D00D58969 /* Project object */ = {
			isa = PBXProject;
			attributes = {
				BuildIndependentTargetsInParallel = 1;
				LastSwiftUpdateCheck = 1320;
				LastUpgradeCheck = 1320;
				TargetAttributes = {
					075E37F92794F51D00D58969 = {
						CreatedOnToolsVersion = 13.2.1;
					};
				};
			};
			buildConfigurationList = 075E37F52794F51D00D58969 /* Build configuration list for PBXProject "CatFact" */;
			compatibilityVersion = "Xcode 13.0";
			developmentRegion = en;
			hasScannedForEncodings = 0;
			knownRegions = (
				en,
				Base,
			);
			mainGroup = 075E37F12794F51D00D58969;
			productRefGroup = 075E37FB2794F51D00D58969 /* Products */;
			projectDirPath = "";
			projectRoot = "";
			targets = (
				075E37F92794F51D00D58969 /* CatFact */,
			);
		};
/* End PBXProject section */

/* Begin PBXResourcesBuildPhase section */
		075E37F82794F51D00D58969 /* Resources */ = {
			isa = PBXResourcesBuildPhase;
			buildActionMask = 2147483647;
			files = (
				075E38052794F51F00D58969 /* Preview Assets.xcassets in Resources */,
				075E38022794F51F00D58969 /* Assets.xcassets in Resources */,
			);
			runOnlyForDeploymentPostprocessing = 0;
		};
/* End PBXResourcesBuildPhase section */

/* Begin PBXSourcesBuildPhase section */
		075E37F62794F51D00D58969 /* Sources */ = {
			isa = PBXSourcesBuildPhase;
			buildActionMask = 2147483647;
			files = (
				07CCD08B2799281100BDB6E9 /* HomeView.swift in Sources */,
				075E381927950CBD00D58969 /* LoadState.swift in Sources */,
				0767063C2797C89400C1AC24 /* ChangingView.swift in Sources */,
				075E38002794F51D00D58969 /* SlideShowView.swift in Sources */,
				075E37FE2794F51D00D58969 /* CatFactApp.swift in Sources */,
				07007BCC279FB50000767879 /* LoadingView.swift in Sources */,
				07A5E19927AB8388007FA1AA /* NotificationManager.swift in Sources */,
				07007BCA279F7E3000767879 /* FavouritesView.swift in Sources */,
				075E38102794F6D700D58969 /* CatFact.swift in Sources */,
				075E381627950A7F00D58969 /* CatFactViewModel.swift in Sources */,
				07CCD0892799181500BDB6E9 /* UtilityExtensions.swift in Sources */,
				074758A027B3AD1B0007F7A6 /* Resources.swift in Sources */,
				075E380D2794F62900D58969 /* CatFactAPIClient.swift in Sources */,
				073AAA3D279A4F95007CDF5B /* CatFactListView.swift in Sources */,
			);
			runOnlyForDeploymentPostprocessing = 0;
		};
/* End PBXSourcesBuildPhase section */

/* Begin XCBuildConfiguration section */
		075E38062794F51F00D58969 /* Debug */ = {
			isa = XCBuildConfiguration;
			buildSettings = {
				ALWAYS_SEARCH_USER_PATHS = NO;
				CLANG_ANALYZER_NONNULL = YES;
				CLANG_ANALYZER_NUMBER_OBJECT_CONVERSION = YES_AGGRESSIVE;
				CLANG_CXX_LANGUAGE_STANDARD = "gnu++17";
				CLANG_CXX_LIBRARY = "libc++";
				CLANG_ENABLE_MODULES = YES;
				CLANG_ENABLE_OBJC_ARC = YES;
				CLANG_ENABLE_OBJC_WEAK = YES;
				CLANG_WARN_BLOCK_CAPTURE_AUTORELEASING = YES;
				CLANG_WARN_BOOL_CONVERSION = YES;
				CLANG_WARN_COMMA = YES;
				CLANG_WARN_CONSTANT_CONVERSION = YES;
				CLANG_WARN_DEPRECATED_OBJC_IMPLEMENTATIONS = YES;
				CLANG_WARN_DIRECT_OBJC_ISA_USAGE = YES_ERROR;
				CLANG_WARN_DOCUMENTATION_COMMENTS = YES;
				CLANG_WARN_EMPTY_BODY = YES;
				CLANG_WARN_ENUM_CONVERSION = YES;
				CLANG_WARN_INFINITE_RECURSION = YES;
				CLANG_WARN_INT_CONVERSION = YES;
				CLANG_WARN_NON_LITERAL_NULL_CONVERSION = YES;
				CLANG_WARN_OBJC_IMPLICIT_RETAIN_SELF = YES;
				CLANG_WARN_OBJC_LITERAL_CONVERSION = YES;
				CLANG_WARN_OBJC_ROOT_CLASS = YES_ERROR;
				CLANG_WARN_QUOTED_INCLUDE_IN_FRAMEWORK_HEADER = YES;
				CLANG_WARN_RANGE_LOOP_ANALYSIS = YES;
				CLANG_WARN_STRICT_PROTOTYPES = YES;
				CLANG_WARN_SUSPICIOUS_MOVE = YES;
				CLANG_WARN_UNGUARDED_AVAILABILITY = YES_AGGRESSIVE;
				CLANG_WARN_UNREACHABLE_CODE = YES;
				CLANG_WARN__DUPLICATE_METHOD_MATCH = YES;
				COPY_PHASE_STRIP = NO;
				DEBUG_INFORMATION_FORMAT = dwarf;
				ENABLE_STRICT_OBJC_MSGSEND = YES;
				ENABLE_TESTABILITY = YES;
				GCC_C_LANGUAGE_STANDARD = gnu11;
				GCC_DYNAMIC_NO_PIC = NO;
				GCC_NO_COMMON_BLOCKS = YES;
				GCC_OPTIMIZATION_LEVEL = 0;
				GCC_PREPROCESSOR_DEFINITIONS = (
					"DEBUG=1",
					"$(inherited)",
				);
				GCC_WARN_64_TO_32_BIT_CONVERSION = YES;
				GCC_WARN_ABOUT_RETURN_TYPE = YES_ERROR;
				GCC_WARN_UNDECLARED_SELECTOR = YES;
				GCC_WARN_UNINITIALIZED_AUTOS = YES_AGGRESSIVE;
				GCC_WARN_UNUSED_FUNCTION = YES;
				GCC_WARN_UNUSED_VARIABLE = YES;
				IPHONEOS_DEPLOYMENT_TARGET = 15.2;
				MTL_ENABLE_DEBUG_INFO = INCLUDE_SOURCE;
				MTL_FAST_MATH = YES;
				ONLY_ACTIVE_ARCH = YES;
				SDKROOT = iphoneos;
				SWIFT_ACTIVE_COMPILATION_CONDITIONS = DEBUG;
				SWIFT_OPTIMIZATION_LEVEL = "-Onone";
			};
			name = Debug;
		};
		075E38072794F51F00D58969 /* Release */ = {
			isa = XCBuildConfiguration;
			buildSettings = {
				ALWAYS_SEARCH_USER_PATHS = NO;
				CLANG_ANALYZER_NONNULL = YES;
				CLANG_ANALYZER_NUMBER_OBJECT_CONVERSION = YES_AGGRESSIVE;
				CLANG_CXX_LANGUAGE_STANDARD = "gnu++17";
				CLANG_CXX_LIBRARY = "libc++";
				CLANG_ENABLE_MODULES = YES;
				CLANG_ENABLE_OBJC_ARC = YES;
				CLANG_ENABLE_OBJC_WEAK = YES;
				CLANG_WARN_BLOCK_CAPTURE_AUTORELEASING = YES;
				CLANG_WARN_BOOL_CONVERSION = YES;
				CLANG_WARN_COMMA = YES;
				CLANG_WARN_CONSTANT_CONVERSION = YES;
				CLANG_WARN_DEPRECATED_OBJC_IMPLEMENTATIONS = YES;
				CLANG_WARN_DIRECT_OBJC_ISA_USAGE = YES_ERROR;
				CLANG_WARN_DOCUMENTATION_COMMENTS = YES;
				CLANG_WARN_EMPTY_BODY = YES;
				CLANG_WARN_ENUM_CONVERSION = YES;
				CLANG_WARN_INFINITE_RECURSION = YES;
				CLANG_WARN_INT_CONVERSION = YES;
				CLANG_WARN_NON_LITERAL_NULL_CONVERSION = YES;
				CLANG_WARN_OBJC_IMPLICIT_RETAIN_SELF = YES;
				CLANG_WARN_OBJC_LITERAL_CONVERSION = YES;
				CLANG_WARN_OBJC_ROOT_CLASS = YES_ERROR;
				CLANG_WARN_QUOTED_INCLUDE_IN_FRAMEWORK_HEADER = YES;
				CLANG_WARN_RANGE_LOOP_ANALYSIS = YES;
				CLANG_WARN_STRICT_PROTOTYPES = YES;
				CLANG_WARN_SUSPICIOUS_MOVE = YES;
				CLANG_WARN_UNGUARDED_AVAILABILITY = YES_AGGRESSIVE;
				CLANG_WARN_UNREACHABLE_CODE = YES;
				CLANG_WARN__DUPLICATE_METHOD_MATCH = YES;
				COPY_PHASE_STRIP = NO;
				DEBUG_INFORMATION_FORMAT = "dwarf-with-dsym";
				ENABLE_NS_ASSERTIONS = NO;
				ENABLE_STRICT_OBJC_MSGSEND = YES;
				GCC_C_LANGUAGE_STANDARD = gnu11;
				GCC_NO_COMMON_BLOCKS = YES;
				GCC_WARN_64_TO_32_BIT_CONVERSION = YES;
				GCC_WARN_ABOUT_RETURN_TYPE = YES_ERROR;
				GCC_WARN_UNDECLARED_SELECTOR = YES;
				GCC_WARN_UNINITIALIZED_AUTOS = YES_AGGRESSIVE;
				GCC_WARN_UNUSED_FUNCTION = YES;
				GCC_WARN_UNUSED_VARIABLE = YES;
				IPHONEOS_DEPLOYMENT_TARGET = 15.2;
				MTL_ENABLE_DEBUG_INFO = NO;
				MTL_FAST_MATH = YES;
				SDKROOT = iphoneos;
				SWIFT_COMPILATION_MODE = wholemodule;
				SWIFT_OPTIMIZATION_LEVEL = "-O";
				VALIDATE_PRODUCT = YES;
			};
			name = Release;
		};
		075E38092794F51F00D58969 /* Debug */ = {
			isa = XCBuildConfiguration;
			buildSettings = {
				ASSETCATALOG_COMPILER_APPICON_NAME = AppIcon;
				ASSETCATALOG_COMPILER_GLOBAL_ACCENT_COLOR_NAME = AccentColor;
				CODE_SIGN_STYLE = Automatic;
				CURRENT_PROJECT_VERSION = 1;
				DEVELOPMENT_ASSET_PATHS = "\"CatFact/Preview Content\"";
				ENABLE_PREVIEWS = YES;
				GENERATE_INFOPLIST_FILE = YES;
				INFOPLIST_KEY_UIApplicationSceneManifest_Generation = YES;
				INFOPLIST_KEY_UIApplicationSupportsIndirectInputEvents = YES;
				INFOPLIST_KEY_UILaunchScreen_Generation = YES;
				INFOPLIST_KEY_UISupportedInterfaceOrientations_iPad = "UIInterfaceOrientationPortrait UIInterfaceOrientationPortraitUpsideDown UIInterfaceOrientationLandscapeLeft UIInterfaceOrientationLandscapeRight";
				INFOPLIST_KEY_UISupportedInterfaceOrientations_iPhone = "UIInterfaceOrientationPortrait UIInterfaceOrientationLandscapeLeft UIInterfaceOrientationLandscapeRight";
				LD_RUNPATH_SEARCH_PATHS = (
					"$(inherited)",
					"@executable_path/Frameworks",
				);
				MARKETING_VERSION = 1.0;
				PRODUCT_BUNDLE_IDENTIFIER = midori.CatFact;
				PRODUCT_NAME = "$(TARGET_NAME)";
				SWIFT_EMIT_LOC_STRINGS = YES;
				SWIFT_VERSION = 5.0;
				TARGETED_DEVICE_FAMILY = "1,2";
			};
			name = Debug;
		};
		075E380A2794F51F00D58969 /* Release */ = {
			isa = XCBuildConfiguration;
			buildSettings = {
				ASSETCATALOG_COMPILER_APPICON_NAME = AppIcon;
				ASSETCATALOG_COMPILER_GLOBAL_ACCENT_COLOR_NAME = AccentColor;
				CODE_SIGN_STYLE = Automatic;
				CURRENT_PROJECT_VERSION = 1;
				DEVELOPMENT_ASSET_PATHS = "\"CatFact/Preview Content\"";
				ENABLE_PREVIEWS = YES;
				GENERATE_INFOPLIST_FILE = YES;
				INFOPLIST_KEY_UIApplicationSceneManifest_Generation = YES;
				INFOPLIST_KEY_UIApplicationSupportsIndirectInputEvents = YES;
				INFOPLIST_KEY_UILaunchScreen_Generation = YES;
				INFOPLIST_KEY_UISupportedInterfaceOrientations_iPad = "UIInterfaceOrientationPortrait UIInterfaceOrientationPortraitUpsideDown UIInterfaceOrientationLandscapeLeft UIInterfaceOrientationLandscapeRight";
				INFOPLIST_KEY_UISupportedInterfaceOrientations_iPhone = "UIInterfaceOrientationPortrait UIInterfaceOrientationLandscapeLeft UIInterfaceOrientationLandscapeRight";
				LD_RUNPATH_SEARCH_PATHS = (
					"$(inherited)",
					"@executable_path/Frameworks",
				);
				MARKETING_VERSION = 1.0;
				PRODUCT_BUNDLE_IDENTIFIER = midori.CatFact;
				PRODUCT_NAME = "$(TARGET_NAME)";
				SWIFT_EMIT_LOC_STRINGS = YES;
				SWIFT_VERSION = 5.0;
				TARGETED_DEVICE_FAMILY = "1,2";
			};
			name = Release;
		};
/* End XCBuildConfiguration section */

/* Begin XCConfigurationList section */
		075E37F52794F51D00D58969 /* Build configuration list for PBXProject "CatFact" */ = {
			isa = XCConfigurationList;
			buildConfigurations = (
				075E38062794F51F00D58969 /* Debug */,
				075E38072794F51F00D58969 /* Release */,
			);
			defaultConfigurationIsVisible = 0;
			defaultConfigurationName = Release;
		};
		075E38082794F51F00D58969 /* Build configuration list for PBXNativeTarget "CatFact" */ = {
			isa = XCConfigurationList;
			buildConfigurations = (
				075E38092794F51F00D58969 /* Debug */,
				075E380A2794F51F00D58969 /* Release */,
			);
			defaultConfigurationIsVisible = 0;
			defaultConfigurationName = Release;
		};
/* End XCConfigurationList section */
	};
	rootObject = 075E37F22794F51D00D58969 /* Project object */;
}
